
Microsoft Visual Studio Solution File, Format Version 12.00
# Visual Studio Version 16
VisualStudioVersion = 16.0.29326.143
MinimumVisualStudioVersion = 10.0.40219.1
Project("{FAE04EC0-301F-11D3-BF4B-00C04F79EFBC}") = "ConsoleAppAA ciudades", "ConsoleAppAA ciudades\ConsoleAppAA ciudades.csproj", "{7848419E-1A58-441B-9D28-912771F4445D}"
EndProject
Global
	GlobalSection(SolutionConfigurationPlatforms) = preSolution
		Debug|Any CPU = Debug|Any CPU
		Release|Any CPU = Release|Any CPU
	EndGlobalSection
	GlobalSection(ProjectConfigurationPlatforms) = postSolution
		{7848419E-1A58-441B-9D28-912771F4445D}.Debug|Any CPU.ActiveCfg = Debug|Any CPU
		{7848419E-1A58-441B-9D28-912771F4445D}.Debug|Any CPU.Build.0 = Debug|Any CPU
		{7848419E-1A58-441B-9D28-912771F4445D}.Release|Any CPU.ActiveCfg = Release|Any CPU
		{7848419E-1A58-441B-9D28-912771F4445D}.Release|Any CPU.Build.0 = Release|Any CPU
	EndGlobalSection
	GlobalSection(SolutionProperties) = preSolution
		HideSolutionNode = FALSE
	EndGlobalSection
	GlobalSection(ExtensibilityGlobals) = postSolution
		SolutionGuid = {CD6C4F2F-632E-4047-A10D-3AAB4BA97192}
	EndGlobalSection
EndGlobal
