
Microsoft Visual Studio Solution File, Format Version 12.00
# Visual Studio Version 16
VisualStudioVersion = 16.0.29230.47
MinimumVisualStudioVersion = 10.0.40219.1
Project("{FAE04EC0-301F-11D3-BF4B-00C04F79EFBC}") = "ConsoleApp1", "ConsoleApp1\ConsoleApp1.csproj", "{2A951BBA-1018-4591-96A8-22C3F5A1F2CD}"
EndProject
Global
	GlobalSection(SolutionConfigurationPlatforms) = preSolution
		Debug|Any CPU = Debug|Any CPU
		Release|Any CPU = Release|Any CPU
	EndGlobalSection
	GlobalSection(ProjectConfigurationPlatforms) = postSolution
		{2A951BBA-1018-4591-96A8-22C3F5A1F2CD}.Debug|Any CPU.ActiveCfg = Debug|Any CPU
		{2A951BBA-1018-4591-96A8-22C3F5A1F2CD}.Debug|Any CPU.Build.0 = Debug|Any CPU
		{2A951BBA-1018-4591-96A8-22C3F5A1F2CD}.Release|Any CPU.ActiveCfg = Release|Any CPU
		{2A951BBA-1018-4591-96A8-22C3F5A1F2CD}.Release|Any CPU.Build.0 = Release|Any CPU
	EndGlobalSection
	GlobalSection(SolutionProperties) = preSolution
		HideSolutionNode = FALSE
	EndGlobalSection
	GlobalSection(ExtensibilityGlobals) = postSolution
		SolutionGuid = {7B2AF499-C2B5-4EA0-A2C6-589D9DF988BC}
	EndGlobalSection
EndGlobal
