
Microsoft Visual Studio Solution File, Format Version 12.00
# Visual Studio Version 16
VisualStudioVersion = 16.0.29326.143
MinimumVisualStudioVersion = 10.0.40219.1
Project("{FAE04EC0-301F-11D3-BF4B-00C04F79EFBC}") = "ConsoleAppAA1", "ConsoleAppAA1\ConsoleAppAA1.csproj", "{480A1755-4E56-4E7A-9E50-8D54C6C97A39}"
EndProject
Global
	GlobalSection(SolutionConfigurationPlatforms) = preSolution
		Debug|Any CPU = Debug|Any CPU
		Release|Any CPU = Release|Any CPU
	EndGlobalSection
	GlobalSection(ProjectConfigurationPlatforms) = postSolution
		{480A1755-4E56-4E7A-9E50-8D54C6C97A39}.Debug|Any CPU.ActiveCfg = Debug|Any CPU
		{480A1755-4E56-4E7A-9E50-8D54C6C97A39}.Debug|Any CPU.Build.0 = Debug|Any CPU
		{480A1755-4E56-4E7A-9E50-8D54C6C97A39}.Release|Any CPU.ActiveCfg = Release|Any CPU
		{480A1755-4E56-4E7A-9E50-8D54C6C97A39}.Release|Any CPU.Build.0 = Release|Any CPU
	EndGlobalSection
	GlobalSection(SolutionProperties) = preSolution
		HideSolutionNode = FALSE
	EndGlobalSection
	GlobalSection(ExtensibilityGlobals) = postSolution
		SolutionGuid = {A6AF75DE-CFA5-4796-8EED-F818BE54EDC1}
	EndGlobalSection
EndGlobal
